Microsoft Visual Studio Solution File, Format Version 10.00
# Visual Studio 2008
Project("{8BC9CEB8-8B4A-11D0-8D11-00A0C91BC942}") = "PubCookieFilter", "PubCookieFilter.vcproj", "{1A25D5CB-EAD0-4631-9013-F11F3109C2D5}"
EndProject
Project("{8BC9CEB8-8B4A-11D0-8D11-00A0C91BC942}") = "pbc_messages", "pbc_messages.vcproj", "{70162427-59FC-45E7-AD96-E87043A23374}"
EndProject
Global
	GlobalSection(SolutionConfigurationPlatforms) = preSolution
		Debug|Win32 = Debug|Win32
		Release|Win32 = Release|Win32
	EndGlobalSection
	GlobalSection(ProjectConfigurationPlatforms) = postSolution
		{1A25D5CB-EAD0-4631-9013-F11F3109C2D5}.Debug|Win32.ActiveCfg = Debug|Win32
		{1A25D5CB-EAD0-4631-9013-F11F3109C2D5}.Debug|Win32.Build.0 = Debug|Win32
		{1A25D5CB-EAD0-4631-9013-F11F3109C2D5}.Release|Win32.ActiveCfg = Release|Win32
		{1A25D5CB-EAD0-4631-9013-F11F3109C2D5}.Release|Win32.Build.0 = Release|Win32
		{70162427-59FC-45E7-AD96-E87043A23374}.Debug|Win32.ActiveCfg = Release|Win32
		{70162427-59FC-45E7-AD96-E87043A23374}.Debug|Win32.Build.0 = Release|Win32
		{70162427-59FC-45E7-AD96-E87043A23374}.Release|Win32.ActiveCfg = Release|Win32
		{70162427-59FC-45E7-AD96-E87043A23374}.Release|Win32.Build.0 = Release|Win32
	EndGlobalSection
	GlobalSection(SolutionProperties) = preSolution
		HideSolutionNode = FALSE
	EndGlobalSection
EndGlobal
